// !$*UTF8*$!
{
	archiveVersion = 1;
	classes = {
	};
	objectVersion = 46;
	objects = {

/* Begin PBXBuildFile section */
		C0D071111C2E8EBA00D30D20 /* main.m in Sources */ = {isa = PBXBuildFile; fileRef = C0D071101C2E8EBA00D30D20 /* main.m */; };
		C0D071141C2E8EBA00D30D20 /* AppDelegate.m in Sources */ = {isa = PBXBuildFile; fileRef = C0D071131C2E8EBA00D30D20 /* AppDelegate.m */; };
		C0D071171C2E8EBA00D30D20 /* ViewController.m in Sources */ = {isa = PBXBuildFile; fileRef = C0D071161C2E8EBA00D30D20 /* ViewController.m */; };
		C0D0711A1C2E8EBA00D30D20 /* Main.storyboard in Resources */ = {isa = PBXBuildFile; fileRef = C0D071181C2E8EBA00D30D20 /* Main.storyboard */; };
		C0D0711C1C2E8EBA00D30D20 /* Assets.xcassets in Resources */ = {isa = PBXBuildFile; fileRef = C0D0711B1C2E8EBA00D30D20 /* Assets.xcassets */; };
		C0D0711F1C2E8EBA00D30D20 /* LaunchScreen.storyboard in Resources */ = {isa = PBXBuildFile; fileRef = C0D0711D1C2E8EBA00D30D20 /* LaunchScreen.storyboard */; };
		C0D071281C2E8ED700D30D20 /* Home in Resources */ = {isa = PBXBuildFile; fileRef = C0D071261C2E8ED700D30D20 /* Home */; };
		C0D071291C2E8ED700D30D20 /* Me in Resources */ = {isa = PBXBuildFile; fileRef = C0D071271C2E8ED700D30D20 /* Me */; };
/* End PBXBuildFile section */

/* Begin PBXFileReference section */
		C0D0710C1C2E8EBA00D30D20 /* MyTest.app */ = {isa = PBXFileReference; explicitFileType = wrapper.application; includeInIndex = 0; path = MyTest.app; sourceTree = BUILT_PRODUCTS_DIR; };
		C0D071101C2E8EBA00D30D20 /* main.m */ = {isa = PBXFileReference; lastKnownFileType = sourcecode.c.objc; path = main.m; sourceTree = "<group>"; };
		C0D071121C2E8EBA00D30D20 /* AppDelegate.h */ = {isa = PBXFileReference; lastKnownFileType = sourcecode.c.h; path = AppDelegate.h; sourceTree = "<group>"; };
		C0D071131C2E8EBA00D30D20 /* AppDelegate.m */ = {isa = PBXFileReference; lastKnownFileType = sourcecode.c.objc; path = AppDelegate.m; sourceTree = "<group>"; };
		C0D071151C2E8EBA00D30D20 /* ViewController.h */ = {isa = PBXFileReference; lastKnownFileType = sourcecode.c.h; path = ViewController.h; sourceTree = "<group>"; };
		C0D071161C2E8EBA00D30D20 /* ViewController.m */ = {isa = PBXFileReference; lastKnownFileType = sourcecode.c.objc; path = ViewController.m; sourceTree = "<group>"; };
		C0D071191C2E8EBA00D30D20 /* Base */ = {isa = PBXFileReference; lastKnownFileType = file.storyboard; name = Base; path = Base.lproj/Main.storyboard; sourceTree = "<group>"; };
		C0D0711B1C2E8EBA00D30D20 /* Assets.xcassets */ = {isa = PBXFileReference; lastKnownFileType = folder.assetcatalog; path = Assets.xcassets; sourceTree = "<group>"; };
		C0D0711E1C2E8EBA00D30D20 /* Base */ = {isa = PBXFileReference; lastKnownFileType = file.storyboard; name = Base; path = Base.lproj/LaunchScreen.storyboard; sourceTree = "<group>"; };
		C0D071201C2E8EBA00D30D20 /* Info.plist */ = {isa = PBXFileReference; lastKnownFileType = text.plist.xml; path = Info.plist; sourceTree = "<group>"; };
		C0D071261C2E8ED700D30D20 /* Home */ = {isa = PBXFileReference; lastKnownFileType = folder; path = Home; sourceTree = "<group>"; };
		C0D071271C2E8ED700D30D20 /* Me */ = {isa = PBXFileReference; lastKnownFileType = folder; path = Me; sourceTree = "<group>"; };
/* End PBXFileReference section */

/* Begin PBXFrameworksBuildPhase section */
		C0D071091C2E8EBA00D30D20 /* Frameworks */ = {
			isa = PBXFrameworksBuildPhase;
			buildActionMask = 2147483647;
			files = (
			);
			runOnlyForDeploymentPostprocessing = 0;
		};
/* End PBXFrameworksBuildPhase section */

/* Begin PBXGroup section */
		C0D071031C2E8EBA00D30D20 = {
			isa = PBXGroup;
			children = (
				C0D0710E1C2E8EBA00D30D20 /* MyTest */,
				C0D0710D1C2E8EBA00D30D20 /* Products */,
			);
			sourceTree = "<group>";
		};
		C0D0710D1C2E8EBA00D30D20 /* Products */ = {
			isa = PBXGroup;
			children = (
				C0D0710C1C2E8EBA00D30D20 /* MyTest.app */,
			);
			name = Products;
			sourceTree = "<group>";
		};
		C0D0710E1C2E8EBA00D30D20 /* MyTest */ = {
			isa = PBXGroup;
			children = (
				C0D071261C2E8ED700D30D20 /* Home */,
				C0D071271C2E8ED700D30D20 /* Me */,
				C0D071121C2E8EBA00D30D20 /* AppDelegate.h */,
				C0D071131C2E8EBA00D30D20 /* AppDelegate.m */,
				C0D071151C2E8EBA00D30D20 /* ViewController.h */,
				C0D071161C2E8EBA00D30D20 /* ViewController.m */,
				C0D071181C2E8EBA00D30D20 /* Main.storyboard */,
				C0D0711B1C2E8EBA00D30D20 /* Assets.xcassets */,
				C0D0711D1C2E8EBA00D30D20 /* LaunchScreen.storyboard */,
				C0D071201C2E8EBA00D30D20 /* Info.plist */,
				C0D0710F1C2E8EBA00D30D20 /* Supporting Files */,
			);
			path = MyTest;
			sourceTree = "<group>";
		};
		C0D0710F1C2E8EBA00D30D20 /* Supporting Files */ = {
			isa = PBXGroup;
			children = (
				C0D071101C2E8EBA00D30D20 /* main.m */,
			);
			name = "Supporting Files";
			sourceTree = "<group>";
		};
/* End PBXGroup section */

/* Begin PBXNativeTarget section */
		C0D0710B1C2E8EBA00D30D20 /* MyTest */ = {
			isa = PBXNativeTarget;
			buildConfigurationList = C0D071231C2E8EBA00D30D20 /* Build configuration list for PBXNativeTarget "MyTest" */;
			buildPhases = (
				C0D071081C2E8EBA00D30D20 /* Sources */,
				C0D071091C2E8EBA00D30D20 /* Frameworks */,
				C0D0710A1C2E8EBA00D30D20 /* Resources */,
			);
			buildRules = (
			);
			dependencies = (
			);
			name = MyTest;
			productName = MyTest;
			productReference = C0D0710C1C2E8EBA00D30D20 /* MyTest.app */;
			productType = "com.apple.product-type.application";
		};
/* End PBXNativeTarget section */

/* Begin PBXProject section */
		C0D071041C2E8EBA00D30D20 /* Project object */ = {
			isa = PBXProject;
			attributes = {
				LastUpgradeCheck = 0720;
				ORGANIZATIONNAME = cw;
				TargetAttributes = {
					C0D0710B1C2E8EBA00D30D20 = {
						CreatedOnToolsVersion = 7.2;
						DevelopmentTeam = 6K9K557VQC;
					};
				};
			};
			buildConfigurationList = C0D071071C2E8EBA00D30D20 /* Build configuration list for PBXProject "MyTest" */;
			compatibilityVersion = "Xcode 3.2";
			developmentRegion = English;
			hasScannedForEncodings = 0;
			knownRegions = (
				en,
				Base,
			);
			mainGroup = C0D071031C2E8EBA00D30D20;
			productRefGroup = C0D0710D1C2E8EBA00D30D20 /* Products */;
			projectDirPath = "";
			projectRoot = "";
			targets = (
				C0D0710B1C2E8EBA00D30D20 /* MyTest */,
			);
		};
/* End PBXProject section */

/* Begin PBXResourcesBuildPhase section */
		C0D0710A1C2E8EBA00D30D20 /* Resources */ = {
			isa = PBXResourcesBuildPhase;
			buildActionMask = 2147483647;
			files = (
				C0D071291C2E8ED700D30D20 /* Me in Resources */,
				C0D0711F1C2E8EBA00D30D20 /* LaunchScreen.storyboard in Resources */,
				C0D071281C2E8ED700D30D20 /* Home in Resources */,
				C0D0711C1C2E8EBA00D30D20 /* Assets.xcassets in Resources */,
				C0D0711A1C2E8EBA00D30D20 /* Main.storyboard in Resources */,
			);
			runOnlyForDeploymentPostprocessing = 0;
		};
/* End PBXResourcesBuildPhase section */

/* Begin PBXSourcesBuildPhase section */
		C0D071081C2E8EBA00D30D20 /* Sources */ = {
			isa = PBXSourcesBuildPhase;
			buildActionMask = 2147483647;
			files = (
				C0D071171C2E8EBA00D30D20 /* ViewController.m in Sources */,
				C0D071141C2E8EBA00D30D20 /* AppDelegate.m in Sources */,
				C0D071111C2E8EBA00D30D20 /* main.m in Sources */,
			);
			runOnlyForDeploymentPostprocessing = 0;
		};
/* End PBXSourcesBuildPhase section */

/* Begin PBXVariantGroup section */
		C0D071181C2E8EBA00D30D20 /* Main.storyboard */ = {
			isa = PBXVariantGroup;
			children = (
				C0D071191C2E8EBA00D30D20 /* Base */,
			);
			name = Main.storyboard;
			sourceTree = "<group>";
		};
		C0D0711D1C2E8EBA00D30D20 /* LaunchScreen.storyboard */ = {
			isa = PBXVariantGroup;
			children = (
				C0D0711E1C2E8EBA00D30D20 /* Base */,
			);
			name = LaunchScreen.storyboard;
			sourceTree = "<group>";
		};
/* End PBXVariantGroup section */

/* Begin XCBuildConfiguration section */
		C0D071211C2E8EBA00D30D20 /* Debug */ = {
			isa = XCBuildConfiguration;
			buildSettings = {
				ALWAYS_SEARCH_USER_PATHS = NO;
				CLANG_CXX_LANGUAGE_STANDARD = "gnu++0x";
				CLANG_CXX_LIBRARY = "libc++";
				CLANG_ENABLE_MODULES = YES;
				CLANG_ENABLE_OBJC_ARC = YES;
				CLANG_WARN_BOOL_CONVERSION = YES;
				CLANG_WARN_CONSTANT_CONVERSION = YES;
				CLANG_WARN_DIRECT_OBJC_ISA_USAGE = YES_ERROR;
				CLANG_WARN_EMPTY_BODY = YES;
				CLANG_WARN_ENUM_CONVERSION = YES;
				CLANG_WARN_INT_CONVERSION = YES;
				CLANG_WARN_OBJC_ROOT_CLASS = YES_ERROR;
				CLANG_WARN_UNREACHABLE_CODE = YES;
				CLANG_WARN__DUPLICATE_METHOD_MATCH = YES;
				"CODE_SIGN_IDENTITY[sdk=iphoneos*]" = "iPhone Developer";
				COPY_PHASE_STRIP = NO;
				DEBUG_INFORMATION_FORMAT = dwarf;
				ENABLE_STRICT_OBJC_MSGSEND = YES;
				ENABLE_TESTABILITY = YES;
				GCC_C_LANGUAGE_STANDARD = gnu99;
				GCC_DYNAMIC_NO_PIC = NO;
				GCC_NO_COMMON_BLOCKS = YES;
				GCC_OPTIMIZATION_LEVEL = 0;
				GCC_PREPROCESSOR_DEFINITIONS = (
					"DEBUG=1",
					"$(inherited)",
				);
				GCC_WARN_64_TO_32_BIT_CONVERSION = YES;
				GCC_WARN_ABOUT_RETURN_TYPE = YES_ERROR;
				GCC_WARN_UNDECLARED_SELECTOR = YES;
				GCC_WARN_UNINITIALIZED_AUTOS = YES_AGGRESSIVE;
				GCC_WARN_UNUSED_FUNCTION = YES;
				GCC_WARN_UNUSED_VARIABLE = YES;
				IPHONEOS_DEPLOYMENT_TARGET = 9.2;
				MTL_ENABLE_DEBUG_INFO = YES;
				ONLY_ACTIVE_ARCH = YES;
				SDKROOT = iphoneos;
			};
			name = Debug;
		};
		C0D071221C2E8EBA00D30D20 /* Release */ = {
			isa = XCBuildConfiguration;
			buildSettings = {
				ALWAYS_SEARCH_USER_PATHS = NO;
				CLANG_CXX_LANGUAGE_STANDARD = "gnu++0x";
				CLANG_CXX_LIBRARY = "libc++";
				CLANG_ENABLE_MODULES = YES;
				CLANG_ENABLE_OBJC_ARC = YES;
				CLANG_WARN_BOOL_CONVERSION = YES;
				CLANG_WARN_CONSTANT_CONVERSION = YES;
				CLANG_WARN_DIRECT_OBJC_ISA_USAGE = YES_ERROR;
				CLANG_WARN_EMPTY_BODY = YES;
				CLANG_WARN_ENUM_CONVERSION = YES;
				CLANG_WARN_INT_CONVERSION = YES;
				CLANG_WARN_OBJC_ROOT_CLASS = YES_ERROR;
				CLANG_WARN_UNREACHABLE_CODE = YES;
				CLANG_WARN__DUPLICATE_METHOD_MATCH = YES;
				"CODE_SIGN_IDENTITY[sdk=iphoneos*]" = "iPhone Developer";
				COPY_PHASE_STRIP = NO;
				DEBUG_INFORMATION_FORMAT = "dwarf-with-dsym";
				ENABLE_NS_ASSERTIONS = NO;
				ENABLE_STRICT_OBJC_MSGSEND = YES;
				GCC_C_LANGUAGE_STANDARD = gnu99;
				GCC_NO_COMMON_BLOCKS = YES;
				GCC_WARN_64_TO_32_BIT_CONVERSION = YES;
				GCC_WARN_ABOUT_RETURN_TYPE = YES_ERROR;
				GCC_WARN_UNDECLARED_SELECTOR = YES;
				GCC_WARN_UNINITIALIZED_AUTOS = YES_AGGRESSIVE;
				GCC_WARN_UNUSED_FUNCTION = YES;
				GCC_WARN_UNUSED_VARIABLE = YES;
				IPHONEOS_DEPLOYMENT_TARGET = 9.2;
				MTL_ENABLE_DEBUG_INFO = NO;
				SDKROOT = iphoneos;
				VALIDATE_PRODUCT = YES;
			};
			name = Release;
		};
		C0D071241C2E8EBA00D30D20 /* Debug */ = {
			isa = XCBuildConfiguration;
			buildSettings = {
				ASSETCATALOG_COMPILER_APPICON_NAME = AppIcon;
				INFOPLIST_FILE = MyTest/Info.plist;
				LD_RUNPATH_SEARCH_PATHS = "$(inherited) @executable_path/Frameworks";
				PRODUCT_BUNDLE_IDENTIFIER = chenwei.MyTest;
				PRODUCT_NAME = "$(TARGET_NAME)";
			};
			name = Debug;
		};
		C0D071251C2E8EBA00D30D20 /* Release */ = {
			isa = XCBuildConfiguration;
			buildSettings = {
				ASSETCATALOG_COMPILER_APPICON_NAME = AppIcon;
				INFOPLIST_FILE = MyTest/Info.plist;
				LD_RUNPATH_SEARCH_PATHS = "$(inherited) @executable_path/Frameworks";
				PRODUCT_BUNDLE_IDENTIFIER = chenwei.MyTest;
				PRODUCT_NAME = "$(TARGET_NAME)";
			};
			name = Release;
		};
/* End XCBuildConfiguration section */

/* Begin XCConfigurationList section */
		C0D071071C2E8EBA00D30D20 /* Build configuration list for PBXProject "MyTest" */ = {
			isa = XCConfigurationList;
			buildConfigurations = (
				C0D071211C2E8EBA00D30D20 /* Debug */,
				C0D071221C2E8EBA00D30D20 /* Release */,
			);
			defaultConfigurationIsVisible = 0;
			defaultConfigurationName = Release;
		};
		C0D071231C2E8EBA00D30D20 /* Build configuration list for PBXNativeTarget "MyTest" */ = {
			isa = XCConfigurationList;
			buildConfigurations = (
				C0D071241C2E8EBA00D30D20 /* Debug */,
				C0D071251C2E8EBA00D30D20 /* Release */,
			);
			defaultConfigurationIsVisible = 0;
		};
/* End XCConfigurationList section */
	};
	rootObject = C0D071041C2E8EBA00D30D20 /* Project object */;
}
